
Microsoft Visual Studio Solution File, Format Version 12.00
# Visual Studio Version 17
VisualStudioVersion = 17.9.34607.119
MinimumVisualStudioVersion = 10.0.40219.1
Project("{2150E333-8FDC-42A3-9474-1A3956D46DE8}") = "src", "src", "{16688232-077A-447A-B0FB-CEEC46F1B707}"
EndProject
Project("{2150E333-8FDC-42A3-9474-1A3956D46DE8}") = "test", "test", "{C2B8EB78-43DC-4561-8822-9EFC2776CAF2}"
EndProject
Project("{2150E333-8FDC-42A3-9474-1A3956D46DE8}") = "Solution items", "Solution items", "{1C824987-7B92-4D4F-89E7-409C1E4DFB78}"
	ProjectSection(SolutionItems) = preProject
		.gitignore = .gitignore
		azure-pipelines.yml = azure-pipelines.yml
		README.md = README.md
	EndProjectSection
EndProject
Project("{9A19103F-16F7-4668-BE54-9A1E7A4F7556}") = "SportsData.Core", "src\SportsData.Core\SportsData.Core.csproj", "{1111B644-117E-4C38-BD7E-3252A57E2BEF}"
EndProject
Project("{9A19103F-16F7-4668-BE54-9A1E7A4F7556}") = "SportsData.Core.Tests.Unit", "test\SportsData.Core.Tests.Unit\SportsData.Core.Tests.Unit.csproj", "{FB96A3FC-CDE8-4924-AA3F-E45C6049BCED}"
EndProject
Global
	GlobalSection(SolutionConfigurationPlatforms) = preSolution
		Debug|Any CPU = Debug|Any CPU
		Release|Any CPU = Release|Any CPU
	EndGlobalSection
	GlobalSection(ProjectConfigurationPlatforms) = postSolution
		{1111B644-117E-4C38-BD7E-3252A57E2BEF}.Debug|Any CPU.ActiveCfg = Debug|Any CPU
		{1111B644-117E-4C38-BD7E-3252A57E2BEF}.Debug|Any CPU.Build.0 = Debug|Any CPU
		{1111B644-117E-4C38-BD7E-3252A57E2BEF}.Release|Any CPU.ActiveCfg = Release|Any CPU
		{1111B644-117E-4C38-BD7E-3252A57E2BEF}.Release|Any CPU.Build.0 = Release|Any CPU
		{FB96A3FC-CDE8-4924-AA3F-E45C6049BCED}.Debug|Any CPU.ActiveCfg = Debug|Any CPU
		{FB96A3FC-CDE8-4924-AA3F-E45C6049BCED}.Debug|Any CPU.Build.0 = Debug|Any CPU
		{FB96A3FC-CDE8-4924-AA3F-E45C6049BCED}.Release|Any CPU.ActiveCfg = Release|Any CPU
		{FB96A3FC-CDE8-4924-AA3F-E45C6049BCED}.Release|Any CPU.Build.0 = Release|Any CPU
	EndGlobalSection
	GlobalSection(SolutionProperties) = preSolution
		HideSolutionNode = FALSE
	EndGlobalSection
	GlobalSection(NestedProjects) = preSolution
		{1111B644-117E-4C38-BD7E-3252A57E2BEF} = {16688232-077A-447A-B0FB-CEEC46F1B707}
		{FB96A3FC-CDE8-4924-AA3F-E45C6049BCED} = {C2B8EB78-43DC-4561-8822-9EFC2776CAF2}
	EndGlobalSection
	GlobalSection(ExtensibilityGlobals) = postSolution
		SolutionGuid = {83EA89D4-4979-4631-8BFD-0F65D4C81C05}
	EndGlobalSection
EndGlobal
